
Microsoft Visual Studio Solution File, Format Version 12.00
# Visual Studio Version 17
VisualStudioVersion = 17.2.32519.379
MinimumVisualStudioVersion = 10.0.40219.1
Project("{FAE04EC0-301F-11D3-BF4B-00C04F79EFBC}") = "DemoApp3", "DemoApp3\DemoApp3.csproj", "{35F63703-38FE-48B5-A12C-D830B20DEFC5}"
EndProject
Global
	GlobalSection(SolutionConfigurationPlatforms) = preSolution
		Debug|Any CPU = Debug|Any CPU
		Release|Any CPU = Release|Any CPU
	EndGlobalSection
	GlobalSection(ProjectConfigurationPlatforms) = postSolution
		{35F63703-38FE-48B5-A12C-D830B20DEFC5}.Debug|Any CPU.ActiveCfg = Debug|Any CPU
		{35F63703-38FE-48B5-A12C-D830B20DEFC5}.Debug|Any CPU.Build.0 = Debug|Any CPU
		{35F63703-38FE-48B5-A12C-D830B20DEFC5}.Release|Any CPU.ActiveCfg = Release|Any CPU
		{35F63703-38FE-48B5-A12C-D830B20DEFC5}.Release|Any CPU.Build.0 = Release|Any CPU
	EndGlobalSection
	GlobalSection(SolutionProperties) = preSolution
		HideSolutionNode = FALSE
	EndGlobalSection
	GlobalSection(ExtensibilityGlobals) = postSolution
		SolutionGuid = {82BC7C74-396C-4F1B-90C3-2B0512B57D4E}
	EndGlobalSection
EndGlobal
